{
  "version": 4,
  "terraform_version": "0.12.26",
  "serial": 20,
  "lineage": "386e2877-3ed7-bc02-d170-b54f329b149a",
  "outputs": {},
  "resources": [
    {
      "mode": "managed",
      "type": "aws_eip",
      "name": "elasti_ip",
      "provider": "provider.aws",
      "instances": [
        {
          "schema_version": 0,
          "attributes": {
            "allocation_id": null,
            "associate_with_private_ip": null,
            "association_id": "",
            "customer_owned_ip": "",
            "customer_owned_ipv4_pool": "",
            "domain": "vpc",
            "id": "eipalloc-06f42259633b677c8",
            "instance": "",
            "network_interface": "",
            "private_dns": null,
            "private_ip": "",
            "public_dns": "ec2-15-207-147-53.ap-south-1.compute.amazonaws.com",
            "public_ip": "15.207.147.53",
            "public_ipv4_pool": "amazon",
            "tags": null,
            "timeouts": null,
            "vpc": true
          },
          "private": "eyJlMmJmYjczMC1lY2FhLTExZTYtOGY4OC0zNDM2M2JjN2M0YzAiOnsiZGVsZXRlIjoxODAwMDAwMDAwMDAsInJlYWQiOjkwMDAwMDAwMDAwMCwidXBkYXRlIjozMDAwMDAwMDAwMDB9fQ=="
        }
      ]
    },
    {
      "mode": "managed",
      "type": "aws_instance",
      "name": "BastionHost",
      "provider": "provider.aws",
      "instances": [
        {
          "schema_version": 1,
          "attributes": {
            "ami": "ami-0ebc1ac48dfd14136",
            "arn": "arn:aws:ec2:ap-south-1:136013817859:instance/i-01fb37bb33c9ff198",
            "associate_public_ip_address": true,
            "availability_zone": "ap-south-1a",
            "cpu_core_count": 1,
            "cpu_threads_per_core": 1,
            "credit_specification": [
              {
                "cpu_credits": "standard"
              }
            ],
            "disable_api_termination": false,
            "ebs_block_device": [],
            "ebs_optimized": false,
            "ephemeral_block_device": [],
            "get_password_data": false,
            "hibernation": false,
            "host_id": null,
            "iam_instance_profile": "",
            "id": "i-01fb37bb33c9ff198",
            "instance_initiated_shutdown_behavior": null,
            "instance_state": "running",
            "instance_type": "t2.micro",
            "ipv6_address_count": 0,
            "ipv6_addresses": [],
            "key_name": "task4_key",
            "metadata_options": [
              {
                "http_endpoint": "enabled",
                "http_put_response_hop_limit": 1,
                "http_tokens": "optional"
              }
            ],
            "monitoring": false,
            "network_interface": [],
            "outpost_arn": "",
            "password_data": "",
            "placement_group": "",
            "primary_network_interface_id": "eni-09a954ad435dd0fad",
            "private_dns": "ip-192-168-0-152.ap-south-1.compute.internal",
            "private_ip": "192.168.0.152",
            "public_dns": "ec2-15-206-168-133.ap-south-1.compute.amazonaws.com",
            "public_ip": "15.206.168.133",
            "root_block_device": [
              {
                "delete_on_termination": true,
                "device_name": "/dev/xvda",
                "encrypted": false,
                "iops": 100,
                "kms_key_id": "",
                "volume_id": "vol-042d05295fe596bad",
                "volume_size": 8,
                "volume_type": "gp2"
              }
            ],
            "secondary_private_ips": [],
            "security_groups": [],
            "source_dest_check": true,
            "subnet_id": "subnet-029c6f48ead044cf6",
            "tags": {
              "Name": "BastionHost_OS"
            },
            "tenancy": "default",
            "timeouts": null,
            "user_data": null,
            "user_data_base64": null,
            "volume_tags": {},
            "vpc_security_group_ids": [
              "sg-069f4549a3bca93dc"
            ]
          },
          "private": "eyJlMmJmYjczMC1lY2FhLTExZTYtOGY4OC0zNDM2M2JjN2M0YzAiOnsiY3JlYXRlIjo2MDAwMDAwMDAwMDAsImRlbGV0ZSI6MTIwMDAwMDAwMDAwMCwidXBkYXRlIjo2MDAwMDAwMDAwMDB9LCJzY2hlbWFfdmVyc2lvbiI6IjEifQ==",
          "dependencies": [
            "aws_key_pair.key2",
            "aws_security_group.Security_Group_BastionHost",
            "aws_subnet.public_subnet",
            "aws_vpc.bobbyvpc",
            "tls_private_key.task4_key"
          ]
        }
      ]
    },
    {
      "mode": "managed",
      "type": "aws_instance",
      "name": "MYSQL",
      "provider": "provider.aws",
      "instances": [
        {
          "schema_version": 1,
          "attributes": {
            "ami": "ami-0ebc1ac48dfd14136",
            "arn": "arn:aws:ec2:ap-south-1:136013817859:instance/i-0022fa2d331ca80c1",
            "associate_public_ip_address": false,
            "availability_zone": "ap-south-1b",
            "cpu_core_count": 1,
            "cpu_threads_per_core": 1,
            "credit_specification": [
              {
                "cpu_credits": "standard"
              }
            ],
            "disable_api_termination": false,
            "ebs_block_device": [],
            "ebs_optimized": false,
            "ephemeral_block_device": [],
            "get_password_data": false,
            "hibernation": false,
            "host_id": null,
            "iam_instance_profile": "",
            "id": "i-0022fa2d331ca80c1",
            "instance_initiated_shutdown_behavior": null,
            "instance_state": "running",
            "instance_type": "t2.micro",
            "ipv6_address_count": 0,
            "ipv6_addresses": [],
            "key_name": "task4_key",
            "metadata_options": [
              {
                "http_endpoint": "enabled",
                "http_put_response_hop_limit": 1,
                "http_tokens": "optional"
              }
            ],
            "monitoring": false,
            "network_interface": [],
            "outpost_arn": "",
            "password_data": "",
            "placement_group": "",
            "primary_network_interface_id": "eni-0d189e9c7ffd92622",
            "private_dns": "ip-192-168-2-56.ap-south-1.compute.internal",
            "private_ip": "192.168.2.56",
            "public_dns": "",
            "public_ip": "",
            "root_block_device": [
              {
                "delete_on_termination": true,
                "device_name": "/dev/xvda",
                "encrypted": false,
                "iops": 100,
                "kms_key_id": "",
                "volume_id": "vol-04afc6bd621b88483",
                "volume_size": 8,
                "volume_type": "gp2"
              }
            ],
            "secondary_private_ips": [],
            "security_groups": [],
            "source_dest_check": true,
            "subnet_id": "subnet-0c717a3eff89e072a",
            "tags": {
              "Name": "MySql_Os"
            },
            "tenancy": "default",
            "timeouts": null,
            "user_data": null,
            "user_data_base64": null,
            "volume_tags": {},
            "vpc_security_group_ids": [
              "sg-00991786de645ec0c"
            ]
          },
          "private": "eyJlMmJmYjczMC1lY2FhLTExZTYtOGY4OC0zNDM2M2JjN2M0YzAiOnsiY3JlYXRlIjo2MDAwMDAwMDAwMDAsImRlbGV0ZSI6MTIwMDAwMDAwMDAwMCwidXBkYXRlIjo2MDAwMDAwMDAwMDB9LCJzY2hlbWFfdmVyc2lvbiI6IjEifQ==",
          "dependencies": [
            "aws_key_pair.key2",
            "aws_security_group.Security_Group_BastionHost",
            "aws_security_group.Security_Group_MySQL",
            "aws_subnet.private_subnet",
            "aws_vpc.bobbyvpc",
            "tls_private_key.task4_key"
          ]
        }
      ]
    },
    {
      "mode": "managed",
      "type": "aws_instance",
      "name": "Wordpress",
      "provider": "provider.aws",
      "instances": [
        {
          "schema_version": 1,
          "attributes": {
            "ami": "ami-0fab75b03b2c2152d",
            "arn": "arn:aws:ec2:ap-south-1:136013817859:instance/i-02bae9d5946ffaa03",
            "associate_public_ip_address": true,
            "availability_zone": "ap-south-1a",
            "cpu_core_count": 1,
            "cpu_threads_per_core": 1,
            "credit_specification": [
              {
                "cpu_credits": "standard"
              }
            ],
            "disable_api_termination": false,
            "ebs_block_device": [],
            "ebs_optimized": false,
            "ephemeral_block_device": [],
            "get_password_data": false,
            "hibernation": false,
            "host_id": null,
            "iam_instance_profile": "",
            "id": "i-02bae9d5946ffaa03",
            "instance_initiated_shutdown_behavior": null,
            "instance_state": "running",
            "instance_type": "t2.micro",
            "ipv6_address_count": 0,
            "ipv6_addresses": [],
            "key_name": "task4_key",
            "metadata_options": [
              {
                "http_endpoint": "enabled",
                "http_put_response_hop_limit": 1,
                "http_tokens": "optional"
              }
            ],
            "monitoring": false,
            "network_interface": [],
            "outpost_arn": "",
            "password_data": "",
            "placement_group": "",
            "primary_network_interface_id": "eni-0e7e26cded433e07c",
            "private_dns": "ip-192-168-0-83.ap-south-1.compute.internal",
            "private_ip": "192.168.0.83",
            "public_dns": "ec2-13-127-31-73.ap-south-1.compute.amazonaws.com",
            "public_ip": "13.127.31.73",
            "root_block_device": [
              {
                "delete_on_termination": true,
                "device_name": "/dev/xvda",
                "encrypted": false,
                "iops": 100,
                "kms_key_id": "",
                "volume_id": "vol-0ef752bc143080c4d",
                "volume_size": 10,
                "volume_type": "gp2"
              }
            ],
            "secondary_private_ips": [],
            "security_groups": [],
            "source_dest_check": true,
            "subnet_id": "subnet-029c6f48ead044cf6",
            "tags": {
              "Name": "WordPress_OS"
            },
            "tenancy": "default",
            "timeouts": null,
            "user_data": null,
            "user_data_base64": null,
            "volume_tags": {},
            "vpc_security_group_ids": [
              "sg-0b9854931aa3068d2"
            ]
          },
          "private": "eyJlMmJmYjczMC1lY2FhLTExZTYtOGY4OC0zNDM2M2JjN2M0YzAiOnsiY3JlYXRlIjo2MDAwMDAwMDAwMDAsImRlbGV0ZSI6MTIwMDAwMDAwMDAwMCwidXBkYXRlIjo2MDAwMDAwMDAwMDB9LCJzY2hlbWFfdmVyc2lvbiI6IjEifQ==",
          "dependencies": [
            "aws_key_pair.key2",
            "aws_security_group.Security_Group_Word_Press",
            "aws_subnet.public_subnet",
            "aws_vpc.bobbyvpc",
            "tls_private_key.task4_key"
          ]
        }
      ]
    },
    {
      "mode": "managed",
      "type": "aws_internet_gateway",
      "name": "My_IG",
      "provider": "provider.aws",
      "instances": [
        {
          "schema_version": 0,
          "attributes": {
            "arn": "arn:aws:ec2:ap-south-1:136013817859:internet-gateway/igw-008de21d973a31329",
            "id": "igw-008de21d973a31329",
            "owner_id": "136013817859",
            "tags": {
              "Name": "My_Internet_Gateway"
            },
            "vpc_id": "vpc-01420b49cfcf60ef3"
          },
          "private": "bnVsbA==",
          "dependencies": [
            "aws_vpc.bobbyvpc"
          ]
        }
      ]
    },
    {
      "mode": "managed",
      "type": "aws_key_pair",
      "name": "key2",
      "provider": "provider.aws",
      "instances": [
        {
          "schema_version": 1,
          "attributes": {
            "arn": "arn:aws:ec2:ap-south-1:136013817859:key-pair/task4_key",
            "fingerprint": "8b:58:36:79:b6:fe:23:40:dc:a2:5d:18:09:44:cd:1c",
            "id": "task4_key",
            "key_name": "task4_key",
            "key_name_prefix": null,
            "key_pair_id": "key-03765cbdb6e10f71b",
            "public_key": "ssh-rsa AAAAB3NzaC1yc2EAAAADAQABAAABAQDSEvo0ii+7iaIGEtxrBWjURakY36GThUpKBYajWDk3mR+vxmxTKmaN89Iz03rWcH+S3/eLXoiRUUCvtCP8MBZUIGkKaiNS0Sk6/M2ftvMjNBOmZjAdBje30azhKbeN0TnpkGRIGqRmyWFtzUtaNbzcDMKlkPvJHGmG7UDko46wr94omMnCDCZEJSZhbh5VkabLcZVj+6rbC26k3Za9twL6rAhEThPoER6dBQyS7sdh3ufn6JlrWqzuXsz9o4gh9lJJS4LUAiwU/dXvwM9wqeNz9xyy5E5MZhDGEEcLQanPmKElf4tApezQtO8tae9A0W79mp0c8Y4bBMbmBu67IKij",
            "tags": null
          },
          "private": "eyJzY2hlbWFfdmVyc2lvbiI6IjEifQ==",
          "dependencies": [
            "tls_private_key.task4_key"
          ]
        }
      ]
    },
    {
      "mode": "managed",
      "type": "aws_nat_gateway",
      "name": "nat_gateway",
      "provider": "provider.aws",
      "instances": [
        {
          "schema_version": 0,
          "attributes": {
            "allocation_id": "eipalloc-06f42259633b677c8",
            "id": "nat-05a743210d3332e3c",
            "network_interface_id": "eni-0c7dbc04afa24074d",
            "private_ip": "192.168.0.220",
            "public_ip": "15.207.147.53",
            "subnet_id": "subnet-029c6f48ead044cf6",
            "tags": {
              "Name": "my_nat_gateway"
            }
          },
          "private": "bnVsbA==",
          "dependencies": [
            "aws_eip.elasti_ip",
            "aws_subnet.public_subnet",
            "aws_vpc.bobbyvpc"
          ]
        }
      ]
    },
    {
      "mode": "managed",
      "type": "aws_route_table",
      "name": "my_routing_table",
      "provider": "provider.aws",
      "instances": [
        {
          "schema_version": 0,
          "attributes": {
            "id": "rtb-0ee0387af8001598d",
            "owner_id": "136013817859",
            "propagating_vgws": [],
            "route": [
              {
                "cidr_block": "0.0.0.0/0",
                "egress_only_gateway_id": "",
                "gateway_id": "igw-008de21d973a31329",
                "instance_id": "",
                "ipv6_cidr_block": "",
                "nat_gateway_id": "",
                "network_interface_id": "",
                "transit_gateway_id": "",
                "vpc_peering_connection_id": ""
              }
            ],
            "tags": {
              "Name": "Route_table"
            },
            "vpc_id": "vpc-01420b49cfcf60ef3"
          },
          "private": "bnVsbA==",
          "dependencies": [
            "aws_internet_gateway.My_IG",
            "aws_vpc.bobbyvpc"
          ]
        }
      ]
    },
    {
      "mode": "managed",
      "type": "aws_route_table",
      "name": "nat_gateway_route",
      "provider": "provider.aws",
      "instances": [
        {
          "schema_version": 0,
          "attributes": {
            "id": "rtb-0c75a0cfa7bb6c52f",
            "owner_id": "136013817859",
            "propagating_vgws": [],
            "route": [
              {
                "cidr_block": "0.0.0.0/0",
                "egress_only_gateway_id": "",
                "gateway_id": "nat-05a743210d3332e3c",
                "instance_id": "",
                "ipv6_cidr_block": "",
                "nat_gateway_id": "",
                "network_interface_id": "",
                "transit_gateway_id": "",
                "vpc_peering_connection_id": ""
              }
            ],
            "tags": {
              "Name": "nat_gateway_route"
            },
            "vpc_id": "vpc-01420b49cfcf60ef3"
          },
          "private": "bnVsbA==",
          "dependencies": [
            "aws_eip.elasti_ip",
            "aws_nat_gateway.nat_gateway",
            "aws_subnet.public_subnet",
            "aws_vpc.bobbyvpc"
          ]
        }
      ]
    },
    {
      "mode": "managed",
      "type": "aws_route_table_association",
      "name": "nat_asso",
      "provider": "provider.aws",
      "instances": [
        {
          "schema_version": 0,
          "attributes": {
            "gateway_id": null,
            "id": "rtbassoc-0952e76311ea5b86c",
            "route_table_id": "rtb-0c75a0cfa7bb6c52f",
            "subnet_id": "subnet-0c717a3eff89e072a"
          },
          "private": "bnVsbA==",
          "dependencies": [
            "aws_eip.elasti_ip",
            "aws_nat_gateway.nat_gateway",
            "aws_route_table.nat_gateway_route",
            "aws_subnet.private_subnet",
            "aws_subnet.public_subnet",
            "aws_vpc.bobbyvpc"
          ]
        }
      ]
    },
    {
      "mode": "managed",
      "type": "aws_route_table_association",
      "name": "routing_table_asson",
      "provider": "provider.aws",
      "instances": [
        {
          "schema_version": 0,
          "attributes": {
            "gateway_id": null,
            "id": "rtbassoc-0a79dfa298fb87ff0",
            "route_table_id": "rtb-0ee0387af8001598d",
            "subnet_id": "subnet-029c6f48ead044cf6"
          },
          "private": "bnVsbA==",
          "dependencies": [
            "aws_internet_gateway.My_IG",
            "aws_route_table.my_routing_table",
            "aws_subnet.public_subnet",
            "aws_vpc.bobbyvpc"
          ]
        }
      ]
    },
    {
      "mode": "managed",
      "type": "aws_security_group",
      "name": "Security_Group_BastionHost",
      "provider": "provider.aws",
      "instances": [
        {
          "schema_version": 1,
          "attributes": {
            "arn": "arn:aws:ec2:ap-south-1:136013817859:security-group/sg-069f4549a3bca93dc",
            "description": "ssh_bh",
            "egress": [
              {
                "cidr_blocks": [
                  "0.0.0.0/0"
                ],
                "description": "",
                "from_port": 0,
                "ipv6_cidr_blocks": [],
                "prefix_list_ids": [],
                "protocol": "-1",
                "security_groups": [],
                "self": false,
                "to_port": 0
              }
            ],
            "id": "sg-069f4549a3bca93dc",
            "ingress": [
              {
                "cidr_blocks": [
                  "0.0.0.0/0"
                ],
                "description": "ssh",
                "from_port": 22,
                "ipv6_cidr_blocks": [],
                "prefix_list_ids": [],
                "protocol": "tcp",
                "security_groups": [],
                "self": false,
                "to_port": 22
              }
            ],
            "name": "Security_Group_BastionHost",
            "name_prefix": "",
            "owner_id": "136013817859",
            "revoke_rules_on_delete": false,
            "tags": {
              "Name": "Security_Group_BastionHost"
            },
            "timeouts": null,
            "vpc_id": "vpc-01420b49cfcf60ef3"
          },
          "private": "eyJlMmJmYjczMC1lY2FhLTExZTYtOGY4OC0zNDM2M2JjN2M0YzAiOnsiY3JlYXRlIjo2MDAwMDAwMDAwMDAsImRlbGV0ZSI6NjAwMDAwMDAwMDAwfSwic2NoZW1hX3ZlcnNpb24iOiIxIn0=",
          "dependencies": [
            "aws_vpc.bobbyvpc"
          ]
        }
      ]
    },
    {
      "mode": "managed",
      "type": "aws_security_group",
      "name": "Security_Group_MySQL",
      "provider": "provider.aws",
      "instances": [
        {
          "schema_version": 1,
          "attributes": {
            "arn": "arn:aws:ec2:ap-south-1:136013817859:security-group/sg-00991786de645ec0c",
            "description": "Allow HTTP inbound traffic",
            "egress": [
              {
                "cidr_blocks": [
                  "0.0.0.0/0"
                ],
                "description": "",
                "from_port": 0,
                "ipv6_cidr_blocks": [],
                "prefix_list_ids": [],
                "protocol": "-1",
                "security_groups": [],
                "self": false,
                "to_port": 0
              }
            ],
            "id": "sg-00991786de645ec0c",
            "ingress": [
              {
                "cidr_blocks": [
                  "0.0.0.0/0"
                ],
                "description": "mysql",
                "from_port": 3306,
                "ipv6_cidr_blocks": [],
                "prefix_list_ids": [],
                "protocol": "tcp",
                "security_groups": [],
                "self": false,
                "to_port": 3306
              },
              {
                "cidr_blocks": [],
                "description": "ssh",
                "from_port": 22,
                "ipv6_cidr_blocks": [],
                "prefix_list_ids": [],
                "protocol": "tcp",
                "security_groups": [
                  "sg-069f4549a3bca93dc"
                ],
                "self": false,
                "to_port": 22
              }
            ],
            "name": "Security_Group_MySQL",
            "name_prefix": "",
            "owner_id": "136013817859",
            "revoke_rules_on_delete": false,
            "tags": {
              "Name": "Security_Group_MYSQL"
            },
            "timeouts": null,
            "vpc_id": "vpc-01420b49cfcf60ef3"
          },
          "private": "eyJlMmJmYjczMC1lY2FhLTExZTYtOGY4OC0zNDM2M2JjN2M0YzAiOnsiY3JlYXRlIjo2MDAwMDAwMDAwMDAsImRlbGV0ZSI6NjAwMDAwMDAwMDAwfSwic2NoZW1hX3ZlcnNpb24iOiIxIn0=",
          "dependencies": [
            "aws_security_group.Security_Group_BastionHost",
            "aws_vpc.bobbyvpc"
          ]
        }
      ]
    },
    {
      "mode": "managed",
      "type": "aws_security_group",
      "name": "Security_Group_Word_Press",
      "provider": "provider.aws",
      "instances": [
        {
          "schema_version": 1,
          "attributes": {
            "arn": "arn:aws:ec2:ap-south-1:136013817859:security-group/sg-0b9854931aa3068d2",
            "description": "Allow HTTP inbound traffic",
            "egress": [
              {
                "cidr_blocks": [
                  "0.0.0.0/0"
                ],
                "description": "",
                "from_port": 0,
                "ipv6_cidr_blocks": [],
                "prefix_list_ids": [],
                "protocol": "-1",
                "security_groups": [],
                "self": false,
                "to_port": 0
              }
            ],
            "id": "sg-0b9854931aa3068d2",
            "ingress": [
              {
                "cidr_blocks": [
                  "0.0.0.0/0"
                ],
                "description": "HTTPS",
                "from_port": 443,
                "ipv6_cidr_blocks": [],
                "prefix_list_ids": [],
                "protocol": "tcp",
                "security_groups": [],
                "self": false,
                "to_port": 443
              },
              {
                "cidr_blocks": [
                  "0.0.0.0/0"
                ],
                "description": "http",
                "from_port": 80,
                "ipv6_cidr_blocks": [],
                "prefix_list_ids": [],
                "protocol": "tcp",
                "security_groups": [],
                "self": false,
                "to_port": 80
              },
              {
                "cidr_blocks": [
                  "0.0.0.0/0"
                ],
                "description": "ssh",
                "from_port": 22,
                "ipv6_cidr_blocks": [],
                "prefix_list_ids": [],
                "protocol": "tcp",
                "security_groups": [],
                "self": false,
                "to_port": 22
              }
            ],
            "name": "Security_Group_Word_Press",
            "name_prefix": "",
            "owner_id": "136013817859",
            "revoke_rules_on_delete": false,
            "tags": {
              "Name": "Security_Group_Word_Press"
            },
            "timeouts": null,
            "vpc_id": "vpc-01420b49cfcf60ef3"
          },
          "private": "eyJlMmJmYjczMC1lY2FhLTExZTYtOGY4OC0zNDM2M2JjN2M0YzAiOnsiY3JlYXRlIjo2MDAwMDAwMDAwMDAsImRlbGV0ZSI6NjAwMDAwMDAwMDAwfSwic2NoZW1hX3ZlcnNpb24iOiIxIn0=",
          "dependencies": [
            "aws_vpc.bobbyvpc"
          ]
        }
      ]
    },
    {
      "mode": "managed",
      "type": "aws_subnet",
      "name": "private_subnet",
      "provider": "provider.aws",
      "instances": [
        {
          "schema_version": 1,
          "attributes": {
            "arn": "arn:aws:ec2:ap-south-1:136013817859:subnet/subnet-0c717a3eff89e072a",
            "assign_ipv6_address_on_creation": false,
            "availability_zone": "ap-south-1b",
            "availability_zone_id": "aps1-az3",
            "cidr_block": "192.168.2.0/24",
            "id": "subnet-0c717a3eff89e072a",
            "ipv6_cidr_block": "",
            "ipv6_cidr_block_association_id": "",
            "map_public_ip_on_launch": false,
            "outpost_arn": "",
            "owner_id": "136013817859",
            "tags": {
              "Name": "Private_Subnet"
            },
            "timeouts": null,
            "vpc_id": "vpc-01420b49cfcf60ef3"
          },
          "private": "eyJlMmJmYjczMC1lY2FhLTExZTYtOGY4OC0zNDM2M2JjN2M0YzAiOnsiY3JlYXRlIjo2MDAwMDAwMDAwMDAsImRlbGV0ZSI6MTIwMDAwMDAwMDAwMH0sInNjaGVtYV92ZXJzaW9uIjoiMSJ9",
          "dependencies": [
            "aws_vpc.bobbyvpc"
          ]
        }
      ]
    },
    {
      "mode": "managed",
      "type": "aws_subnet",
      "name": "public_subnet",
      "provider": "provider.aws",
      "instances": [
        {
          "schema_version": 1,
          "attributes": {
            "arn": "arn:aws:ec2:ap-south-1:136013817859:subnet/subnet-029c6f48ead044cf6",
            "assign_ipv6_address_on_creation": false,
            "availability_zone": "ap-south-1a",
            "availability_zone_id": "aps1-az1",
            "cidr_block": "192.168.0.0/24",
            "id": "subnet-029c6f48ead044cf6",
            "ipv6_cidr_block": "",
            "ipv6_cidr_block_association_id": "",
            "map_public_ip_on_launch": true,
            "outpost_arn": "",
            "owner_id": "136013817859",
            "tags": {
              "Name": "Public_Subnet"
            },
            "timeouts": null,
            "vpc_id": "vpc-01420b49cfcf60ef3"
          },
          "private": "eyJlMmJmYjczMC1lY2FhLTExZTYtOGY4OC0zNDM2M2JjN2M0YzAiOnsiY3JlYXRlIjo2MDAwMDAwMDAwMDAsImRlbGV0ZSI6MTIwMDAwMDAwMDAwMH0sInNjaGVtYV92ZXJzaW9uIjoiMSJ9",
          "dependencies": [
            "aws_vpc.bobbyvpc"
          ]
        }
      ]
    },
    {
      "mode": "managed",
      "type": "aws_vpc",
      "name": "bobbyvpc",
      "provider": "provider.aws",
      "instances": [
        {
          "schema_version": 1,
          "attributes": {
            "arn": "arn:aws:ec2:ap-south-1:136013817859:vpc/vpc-01420b49cfcf60ef3",
            "assign_generated_ipv6_cidr_block": false,
            "cidr_block": "192.168.0.0/16",
            "default_network_acl_id": "acl-08651ec78a32bd2ee",
            "default_route_table_id": "rtb-0793d8e2046456b22",
            "default_security_group_id": "sg-0584ac5e2adf32b26",
            "dhcp_options_id": "dopt-479e5c2c",
            "enable_classiclink": null,
            "enable_classiclink_dns_support": null,
            "enable_dns_hostnames": true,
            "enable_dns_support": true,
            "id": "vpc-01420b49cfcf60ef3",
            "instance_tenancy": "default",
            "ipv6_association_id": "",
            "ipv6_cidr_block": "",
            "main_route_table_id": "rtb-0793d8e2046456b22",
            "owner_id": "136013817859",
            "tags": {
              "Name": "bobbyvpc"
            }
          },
          "private": "eyJzY2hlbWFfdmVyc2lvbiI6IjEifQ=="
        }
      ]
    },
    {
      "mode": "managed",
      "type": "local_file",
      "name": "key-file",
      "provider": "provider.local",
      "instances": [
        {
          "schema_version": 0,
          "attributes": {
            "content": "-----BEGIN RSA PRIVATE KEY-----\nMIIEpAIBAAKCAQEA0hL6NIovu4miBhLcawVo1EWpGN+hk4VKSgWGo1g5N5kfr8Zs\nUypmjfPSM9N61nB/kt/3i16IkVFAr7Qj/DAWVCBpCmojUtEpOvzNn7bzIzQTpmYw\nHQY3t9Gs4Sm3jdE56ZBkSBqkZslhbc1LWjW83AzCpZD7yRxphu1A5KOOsK/eKJjJ\nwgwmRCUmYW4eVZGmy3GVY/uq2wtupN2WvbcC+qwIRE4T6BEenQUMku7HYd7n5+iZ\na1qs7l7M/aOIIfZSSUuC1AIsFP3V78DPcKnjc/ccsuROTGYQxhBHC0Gpz5ihJX+L\nQKXs0LTvLWnvQNFu/ZqdHPGOGwTG5gbuuyCoowIDAQABAoIBAQCbRv++ei4SFwe2\nKZbXXGZCEUOOaS6LVki1MiR09K9GU17ClI5ZYsvvPTwwpq7zdrA1pmrZj4SutTp1\nJVg7/mdiw5og4pc9jfFF8rsixR4u9T1ZD8uciI4Cx29b93P/1ZlS9THKwjam60+i\n085Q3cu9c4kkzGfwHZo663++AM9l9SIJMyYu0ghT+gzWG0dCVhSvzlMOIvN1O/Gf\n4GD9ztXkCoxcr6HO+h+q5I0ueOKE1E/R3j4MUgIWW9rzDc26aop2oviX1pbxludm\nNtvvZ6k1kVksnS4MhOjdmviVqRKVBuYxIDhgwVnPzlIvEde5NJhhwteaaVNBEOGn\n7+Ut45yxAoGBAOtaqxtcurK3ySCuBrN8+yqPZ3AkhMgabhGhFh0zJZi8Et9nU7QA\nfPs2Us0LY93OuPDQ57CrIxJuCZOBEO8Rh7iQjN5UowgW1SNveat+X6LFUKl5qgbe\n8Mtc0Fl68jnC004D+v/0ZIvwUJmfoa2m4QhSKLLKOy3qT8GuA4NNNWGXAoGBAOSA\nmM1XzIEOTAQX6vTHKZgznEs15iwnzmvzP6zgJh3dp2pgQoSxeX1UjuH8Qm7l4XY8\n8njO2El8QOHZ9ZjHFFK16kQsxBhFPRSOuY2ARSet4uG0fvnp4siIGjyZEENyXbUA\nvXO70PMIqRERVrSkn3v/Kzhpz+RTesIkNXLx//rVAoGALAYqyZR/69xLCAzlff+b\n7+shOy3plJC1FCEgxNeDad2MXjOyyZHpzwfrVyWRSbVYjNtW64onplPlAK184GtU\nCucnIpOMZ3/14IoCpVyfQRBNtVXnwx9CxZeX9ZT06G8UHZzK/8PUZwTN3t6oXJZB\ns8/CgycnCMCyqJUHXTE9EgMCgYA8GUqXL5F9HBqINRY5/SwGeQSRj4KTeIDFSbwk\npuu/jS3cP6cfKWKPwS63Z1a9vj6Xj54ighzG7yRNgrsizLGes3QDLFcDHyraflN1\nURhfQE/dF1ESQB7CqXFlIMjzRGA7HA+4IdzqHwwAjjPk3SuJPGrMsp/YKNCvwUBB\nlD7EZQKBgQCX/04JVoig3XznUU2NlN8/qgiSp2pfHBnHHnnJtcD+6Grketu+8X+0\n9cruz1GylBWWEEKuaGoTo0LfnPC4Hf+Zvb9lqS9eD2CO3Wfd2R4IHEVQIpQAqEUG\nsl+QDYTCKK41KFnIvxn/L7lazFxEA+AAg6nteG4W5oH89HswPP0Niw==\n-----END RSA PRIVATE KEY-----\n",
            "content_base64": null,
            "directory_permission": "0777",
            "file_permission": "400",
            "filename": "task4_key.pem",
            "id": "e43715fb5250b1984012920e0090c4bc873f49c8",
            "sensitive_content": null
          },
          "private": "bnVsbA==",
          "dependencies": [
            "tls_private_key.task4_key"
          ]
        }
      ]
    },
    {
      "mode": "managed",
      "type": "tls_private_key",
      "name": "task4_key",
      "provider": "provider.tls",
      "instances": [
        {
          "schema_version": 0,
          "attributes": {
            "algorithm": "RSA",
            "ecdsa_curve": "P224",
            "id": "effdcf2bb4d62ccddd25d48c8912a559f1e7aaa6",
            "private_key_pem": "-----BEGIN RSA PRIVATE KEY-----\nMIIEpAIBAAKCAQEA0hL6NIovu4miBhLcawVo1EWpGN+hk4VKSgWGo1g5N5kfr8Zs\nUypmjfPSM9N61nB/kt/3i16IkVFAr7Qj/DAWVCBpCmojUtEpOvzNn7bzIzQTpmYw\nHQY3t9Gs4Sm3jdE56ZBkSBqkZslhbc1LWjW83AzCpZD7yRxphu1A5KOOsK/eKJjJ\nwgwmRCUmYW4eVZGmy3GVY/uq2wtupN2WvbcC+qwIRE4T6BEenQUMku7HYd7n5+iZ\na1qs7l7M/aOIIfZSSUuC1AIsFP3V78DPcKnjc/ccsuROTGYQxhBHC0Gpz5ihJX+L\nQKXs0LTvLWnvQNFu/ZqdHPGOGwTG5gbuuyCoowIDAQABAoIBAQCbRv++ei4SFwe2\nKZbXXGZCEUOOaS6LVki1MiR09K9GU17ClI5ZYsvvPTwwpq7zdrA1pmrZj4SutTp1\nJVg7/mdiw5og4pc9jfFF8rsixR4u9T1ZD8uciI4Cx29b93P/1ZlS9THKwjam60+i\n085Q3cu9c4kkzGfwHZo663++AM9l9SIJMyYu0ghT+gzWG0dCVhSvzlMOIvN1O/Gf\n4GD9ztXkCoxcr6HO+h+q5I0ueOKE1E/R3j4MUgIWW9rzDc26aop2oviX1pbxludm\nNtvvZ6k1kVksnS4MhOjdmviVqRKVBuYxIDhgwVnPzlIvEde5NJhhwteaaVNBEOGn\n7+Ut45yxAoGBAOtaqxtcurK3ySCuBrN8+yqPZ3AkhMgabhGhFh0zJZi8Et9nU7QA\nfPs2Us0LY93OuPDQ57CrIxJuCZOBEO8Rh7iQjN5UowgW1SNveat+X6LFUKl5qgbe\n8Mtc0Fl68jnC004D+v/0ZIvwUJmfoa2m4QhSKLLKOy3qT8GuA4NNNWGXAoGBAOSA\nmM1XzIEOTAQX6vTHKZgznEs15iwnzmvzP6zgJh3dp2pgQoSxeX1UjuH8Qm7l4XY8\n8njO2El8QOHZ9ZjHFFK16kQsxBhFPRSOuY2ARSet4uG0fvnp4siIGjyZEENyXbUA\nvXO70PMIqRERVrSkn3v/Kzhpz+RTesIkNXLx//rVAoGALAYqyZR/69xLCAzlff+b\n7+shOy3plJC1FCEgxNeDad2MXjOyyZHpzwfrVyWRSbVYjNtW64onplPlAK184GtU\nCucnIpOMZ3/14IoCpVyfQRBNtVXnwx9CxZeX9ZT06G8UHZzK/8PUZwTN3t6oXJZB\ns8/CgycnCMCyqJUHXTE9EgMCgYA8GUqXL5F9HBqINRY5/SwGeQSRj4KTeIDFSbwk\npuu/jS3cP6cfKWKPwS63Z1a9vj6Xj54ighzG7yRNgrsizLGes3QDLFcDHyraflN1\nURhfQE/dF1ESQB7CqXFlIMjzRGA7HA+4IdzqHwwAjjPk3SuJPGrMsp/YKNCvwUBB\nlD7EZQKBgQCX/04JVoig3XznUU2NlN8/qgiSp2pfHBnHHnnJtcD+6Grketu+8X+0\n9cruz1GylBWWEEKuaGoTo0LfnPC4Hf+Zvb9lqS9eD2CO3Wfd2R4IHEVQIpQAqEUG\nsl+QDYTCKK41KFnIvxn/L7lazFxEA+AAg6nteG4W5oH89HswPP0Niw==\n-----END RSA PRIVATE KEY-----\n",
            "public_key_fingerprint_md5": "a9:ae:45:c5:0d:5a:8f:c6:46:ff:db:39:f5:45:26:26",
            "public_key_openssh": "ssh-rsa AAAAB3NzaC1yc2EAAAADAQABAAABAQDSEvo0ii+7iaIGEtxrBWjURakY36GThUpKBYajWDk3mR+vxmxTKmaN89Iz03rWcH+S3/eLXoiRUUCvtCP8MBZUIGkKaiNS0Sk6/M2ftvMjNBOmZjAdBje30azhKbeN0TnpkGRIGqRmyWFtzUtaNbzcDMKlkPvJHGmG7UDko46wr94omMnCDCZEJSZhbh5VkabLcZVj+6rbC26k3Za9twL6rAhEThPoER6dBQyS7sdh3ufn6JlrWqzuXsz9o4gh9lJJS4LUAiwU/dXvwM9wqeNz9xyy5E5MZhDGEEcLQanPmKElf4tApezQtO8tae9A0W79mp0c8Y4bBMbmBu67IKij\n",
            "public_key_pem": "-----BEGIN PUBLIC KEY-----\nMIIBIjANBgkqhkiG9w0BAQEFAAOCAQ8AMIIBCgKCAQEA0hL6NIovu4miBhLcawVo\n1EWpGN+hk4VKSgWGo1g5N5kfr8ZsUypmjfPSM9N61nB/kt/3i16IkVFAr7Qj/DAW\nVCBpCmojUtEpOvzNn7bzIzQTpmYwHQY3t9Gs4Sm3jdE56ZBkSBqkZslhbc1LWjW8\n3AzCpZD7yRxphu1A5KOOsK/eKJjJwgwmRCUmYW4eVZGmy3GVY/uq2wtupN2WvbcC\n+qwIRE4T6BEenQUMku7HYd7n5+iZa1qs7l7M/aOIIfZSSUuC1AIsFP3V78DPcKnj\nc/ccsuROTGYQxhBHC0Gpz5ihJX+LQKXs0LTvLWnvQNFu/ZqdHPGOGwTG5gbuuyCo\nowIDAQAB\n-----END PUBLIC KEY-----\n",
            "rsa_bits": 2048
          },
          "private": "bnVsbA=="
        }
      ]
    }
  ]
}
